
Microsoft Visual Studio Solution File, Format Version 12.00
# Visual Studio Version 17
VisualStudioVersion = 17.9.34616.47
MinimumVisualStudioVersion = 10.0.40219.1
Project("{9A19103F-16F7-4668-BE54-9A1E7A4F7556}") = "BulkyWeb", "BulkyWeb\BulkyWeb.csproj", "{8A7D40CE-36F6-479F-9341-7C83A76E140D}"
EndProject
Project("{9A19103F-16F7-4668-BE54-9A1E7A4F7556}") = "BulkyWebRazor", "BulkyWebRazor\BulkyWebRazor.csproj", "{268FC98F-47A8-4DF3-8152-B451DE483A31}"
EndProject
Global
	GlobalSection(SolutionConfigurationPlatforms) = preSolution
		Debug|Any CPU = Debug|Any CPU
		Release|Any CPU = Release|Any CPU
	EndGlobalSection
	GlobalSection(ProjectConfigurationPlatforms) = postSolution
		{8A7D40CE-36F6-479F-9341-7C83A76E140D}.Debug|Any CPU.ActiveCfg = Debug|Any CPU
		{8A7D40CE-36F6-479F-9341-7C83A76E140D}.Debug|Any CPU.Build.0 = Debug|Any CPU
		{8A7D40CE-36F6-479F-9341-7C83A76E140D}.Release|Any CPU.ActiveCfg = Release|Any CPU
		{8A7D40CE-36F6-479F-9341-7C83A76E140D}.Release|Any CPU.Build.0 = Release|Any CPU
		{268FC98F-47A8-4DF3-8152-B451DE483A31}.Debug|Any CPU.ActiveCfg = Debug|Any CPU
		{268FC98F-47A8-4DF3-8152-B451DE483A31}.Debug|Any CPU.Build.0 = Debug|Any CPU
		{268FC98F-47A8-4DF3-8152-B451DE483A31}.Release|Any CPU.ActiveCfg = Release|Any CPU
		{268FC98F-47A8-4DF3-8152-B451DE483A31}.Release|Any CPU.Build.0 = Release|Any CPU
	EndGlobalSection
	GlobalSection(SolutionProperties) = preSolution
		HideSolutionNode = FALSE
	EndGlobalSection
	GlobalSection(ExtensibilityGlobals) = postSolution
		SolutionGuid = {61AA66E5-FC4B-4D5E-8653-97701622FE4C}
	EndGlobalSection
EndGlobal
