
Microsoft Visual Studio Solution File, Format Version 12.00
# Visual Studio Version 17
VisualStudioVersion = 17.9.34616.47
MinimumVisualStudioVersion = 10.0.40219.1
Project("{FAE04EC0-301F-11D3-BF4B-00C04F79EFBC}") = "BulkyWeb", "BulkyWeb\BulkyWeb.csproj", "{8A7D40CE-36F6-479F-9341-7C83A76E140D}"
EndProject
Global
	GlobalSection(SolutionConfigurationPlatforms) = preSolution
		Debug|Any CPU = Debug|Any CPU
		Release|Any CPU = Release|Any CPU
	EndGlobalSection
	GlobalSection(ProjectConfigurationPlatforms) = postSolution
		{8A7D40CE-36F6-479F-9341-7C83A76E140D}.Debug|Any CPU.ActiveCfg = Debug|Any CPU
		{8A7D40CE-36F6-479F-9341-7C83A76E140D}.Debug|Any CPU.Build.0 = Debug|Any CPU
		{8A7D40CE-36F6-479F-9341-7C83A76E140D}.Release|Any CPU.ActiveCfg = Release|Any CPU
		{8A7D40CE-36F6-479F-9341-7C83A76E140D}.Release|Any CPU.Build.0 = Release|Any CPU
	EndGlobalSection
	GlobalSection(SolutionProperties) = preSolution
		HideSolutionNode = FALSE
	EndGlobalSection
	GlobalSection(ExtensibilityGlobals) = postSolution
		SolutionGuid = {61AA66E5-FC4B-4D5E-8653-97701622FE4C}
	EndGlobalSection
EndGlobal
